
Microsoft Visual Studio Solution File, Format Version 12.00
# Visual Studio Version 17
VisualStudioVersion = 17.0.32014.148
MinimumVisualStudioVersion = 10.0.40219.1
Project("{FAE04EC0-301F-11D3-BF4B-00C04F79EFBC}") = "homework", "homework\homework.csproj", "{2D8072C8-1FEA-4F26-890D-E45A1FDF48A6}"
EndProject
Global
	GlobalSection(SolutionConfigurationPlatforms) = preSolution
		Debug|Any CPU = Debug|Any CPU
		Release|Any CPU = Release|Any CPU
	EndGlobalSection
	GlobalSection(ProjectConfigurationPlatforms) = postSolution
		{2D8072C8-1FEA-4F26-890D-E45A1FDF48A6}.Debug|Any CPU.ActiveCfg = Debug|Any CPU
		{2D8072C8-1FEA-4F26-890D-E45A1FDF48A6}.Debug|Any CPU.Build.0 = Debug|Any CPU
		{2D8072C8-1FEA-4F26-890D-E45A1FDF48A6}.Release|Any CPU.ActiveCfg = Release|Any CPU
		{2D8072C8-1FEA-4F26-890D-E45A1FDF48A6}.Release|Any CPU.Build.0 = Release|Any CPU
	EndGlobalSection
	GlobalSection(SolutionProperties) = preSolution
		HideSolutionNode = FALSE
	EndGlobalSection
	GlobalSection(ExtensibilityGlobals) = postSolution
		SolutionGuid = {5D62A6D4-83E0-4BCE-9B88-F096041DC395}
	EndGlobalSection
EndGlobal
